
Microsoft Visual Studio Solution File, Format Version 12.00
# Visual Studio Version 16
VisualStudioVersion = 16.0.30517.126
MinimumVisualStudioVersion = 10.0.40219.1
Project("{FAE04EC0-301F-11D3-BF4B-00C04F79EFBC}") = "Indian_State_Census_Problem", "Indian_State_Census_Problem\Indian_State_Census_Problem.csproj", "{565B60E4-1075-4C0F-BB15-2ABD283BFA48}"
EndProject
Project("{FAE04EC0-301F-11D3-BF4B-00C04F79EFBC}") = "Indian_State_Census_Problem_Test", "Indian_State_Census_Problem_Test\Indian_State_Census_Problem_Test.csproj", "{5C7B7677-14CC-469A-9FCE-C65FFF581086}"
EndProject
Global
	GlobalSection(SolutionConfigurationPlatforms) = preSolution
		Debug|Any CPU = Debug|Any CPU
		Release|Any CPU = Release|Any CPU
	EndGlobalSection
	GlobalSection(ProjectConfigurationPlatforms) = postSolution
		{565B60E4-1075-4C0F-BB15-2ABD283BFA48}.Debug|Any CPU.ActiveCfg = Debug|Any CPU
		{565B60E4-1075-4C0F-BB15-2ABD283BFA48}.Debug|Any CPU.Build.0 = Debug|Any CPU
		{565B60E4-1075-4C0F-BB15-2ABD283BFA48}.Release|Any CPU.ActiveCfg = Release|Any CPU
		{565B60E4-1075-4C0F-BB15-2ABD283BFA48}.Release|Any CPU.Build.0 = Release|Any CPU
		{5C7B7677-14CC-469A-9FCE-C65FFF581086}.Debug|Any CPU.ActiveCfg = Debug|Any CPU
		{5C7B7677-14CC-469A-9FCE-C65FFF581086}.Debug|Any CPU.Build.0 = Debug|Any CPU
		{5C7B7677-14CC-469A-9FCE-C65FFF581086}.Release|Any CPU.ActiveCfg = Release|Any CPU
		{5C7B7677-14CC-469A-9FCE-C65FFF581086}.Release|Any CPU.Build.0 = Release|Any CPU
	EndGlobalSection
	GlobalSection(SolutionProperties) = preSolution
		HideSolutionNode = FALSE
	EndGlobalSection
	GlobalSection(ExtensibilityGlobals) = postSolution
		SolutionGuid = {3856C4A9-FA5E-4271-A286-D048BDDA5404}
	EndGlobalSection
EndGlobal
